
Microsoft Visual Studio Solution File, Format Version 12.00
# Visual Studio Version 16
VisualStudioVersion = 16.0.31025.194
MinimumVisualStudioVersion = 10.0.40219.1
Project("{FAE04EC0-301F-11D3-BF4B-00C04F79EFBC}") = "EmoteWheel", "EmoteWheel\EmoteWheel.csproj", "{48F4900A-7FBB-4274-9A65-0CFF9EB9BB2C}"
EndProject
Project("{FAE04EC0-301F-11D3-BF4B-00C04F79EFBC}") = "EquipWheel", "EquipWheel\EquipWheel.csproj", "{9299DDD5-A76A-423E-B5CE-C053E68F6ABF}"
EndProject
Project("{FAE04EC0-301F-11D3-BF4B-00C04F79EFBC}") = "TrashItems", "TrashItems\TrashItems.csproj", "{8135D2BA-59AB-4FC3-8FAC-3C1E06A67B2F}"
EndProject
Project("{FAE04EC0-301F-11D3-BF4B-00C04F79EFBC}") = "AutoLoad", "AutoLoad\AutoLoad.csproj", "{C9361295-05CD-4E0E-B085-F1C2E40A4D42}"
EndProject
Project("{FAE04EC0-301F-11D3-BF4B-00C04F79EFBC}") = "ModifyDataPerSec", "ModifyDataPerSec\ModifyDataPerSec.csproj", "{07308CED-1348-421D-9CB1-7B909DFAF529}"
EndProject
Project("{FAE04EC0-301F-11D3-BF4B-00C04F79EFBC}") = "EasyHarvest", "EasyHarvest\EasyHarvest.csproj", "{65AAED96-B7E4-4F3E-8391-3DFE78B69222}"
EndProject
Project("{FAE04EC0-301F-11D3-BF4B-00C04F79EFBC}") = "WheelManager", "WheelManager\WheelManager.csproj", "{6D8CA6F2-5229-4132-BFC6-D2F0F8C87FA6}"
EndProject
Global
	GlobalSection(SolutionConfigurationPlatforms) = preSolution
		Debug|Any CPU = Debug|Any CPU
		Release|Any CPU = Release|Any CPU
	EndGlobalSection
	GlobalSection(ProjectConfigurationPlatforms) = postSolution
		{48F4900A-7FBB-4274-9A65-0CFF9EB9BB2C}.Debug|Any CPU.ActiveCfg = Debug|Any CPU
		{48F4900A-7FBB-4274-9A65-0CFF9EB9BB2C}.Debug|Any CPU.Build.0 = Debug|Any CPU
		{48F4900A-7FBB-4274-9A65-0CFF9EB9BB2C}.Release|Any CPU.ActiveCfg = Release|Any CPU
		{48F4900A-7FBB-4274-9A65-0CFF9EB9BB2C}.Release|Any CPU.Build.0 = Release|Any CPU
		{9299DDD5-A76A-423E-B5CE-C053E68F6ABF}.Debug|Any CPU.ActiveCfg = Debug|Any CPU
		{9299DDD5-A76A-423E-B5CE-C053E68F6ABF}.Debug|Any CPU.Build.0 = Debug|Any CPU
		{9299DDD5-A76A-423E-B5CE-C053E68F6ABF}.Release|Any CPU.ActiveCfg = Release|Any CPU
		{9299DDD5-A76A-423E-B5CE-C053E68F6ABF}.Release|Any CPU.Build.0 = Release|Any CPU
		{8135D2BA-59AB-4FC3-8FAC-3C1E06A67B2F}.Debug|Any CPU.ActiveCfg = Debug|Any CPU
		{8135D2BA-59AB-4FC3-8FAC-3C1E06A67B2F}.Debug|Any CPU.Build.0 = Debug|Any CPU
		{8135D2BA-59AB-4FC3-8FAC-3C1E06A67B2F}.Release|Any CPU.ActiveCfg = Release|Any CPU
		{8135D2BA-59AB-4FC3-8FAC-3C1E06A67B2F}.Release|Any CPU.Build.0 = Release|Any CPU
		{C9361295-05CD-4E0E-B085-F1C2E40A4D42}.Debug|Any CPU.ActiveCfg = Debug|Any CPU
		{C9361295-05CD-4E0E-B085-F1C2E40A4D42}.Debug|Any CPU.Build.0 = Debug|Any CPU
		{C9361295-05CD-4E0E-B085-F1C2E40A4D42}.Release|Any CPU.ActiveCfg = Release|Any CPU
		{C9361295-05CD-4E0E-B085-F1C2E40A4D42}.Release|Any CPU.Build.0 = Release|Any CPU
		{07308CED-1348-421D-9CB1-7B909DFAF529}.Debug|Any CPU.ActiveCfg = Debug|Any CPU
		{07308CED-1348-421D-9CB1-7B909DFAF529}.Debug|Any CPU.Build.0 = Debug|Any CPU
		{07308CED-1348-421D-9CB1-7B909DFAF529}.Release|Any CPU.ActiveCfg = Release|Any CPU
		{07308CED-1348-421D-9CB1-7B909DFAF529}.Release|Any CPU.Build.0 = Release|Any CPU
		{65AAED96-B7E4-4F3E-8391-3DFE78B69222}.Debug|Any CPU.ActiveCfg = Debug|Any CPU
		{65AAED96-B7E4-4F3E-8391-3DFE78B69222}.Debug|Any CPU.Build.0 = Debug|Any CPU
		{65AAED96-B7E4-4F3E-8391-3DFE78B69222}.Release|Any CPU.ActiveCfg = Release|Any CPU
		{65AAED96-B7E4-4F3E-8391-3DFE78B69222}.Release|Any CPU.Build.0 = Release|Any CPU
		{6D8CA6F2-5229-4132-BFC6-D2F0F8C87FA6}.Debug|Any CPU.ActiveCfg = Debug|Any CPU
		{6D8CA6F2-5229-4132-BFC6-D2F0F8C87FA6}.Debug|Any CPU.Build.0 = Debug|Any CPU
		{6D8CA6F2-5229-4132-BFC6-D2F0F8C87FA6}.Release|Any CPU.ActiveCfg = Release|Any CPU
		{6D8CA6F2-5229-4132-BFC6-D2F0F8C87FA6}.Release|Any CPU.Build.0 = Release|Any CPU
	EndGlobalSection
	GlobalSection(SolutionProperties) = preSolution
		HideSolutionNode = FALSE
	EndGlobalSection
	GlobalSection(ExtensibilityGlobals) = postSolution
		SolutionGuid = {8E995B01-6D72-41AE-B12D-8C8706A0290D}
	EndGlobalSection
EndGlobal
